
Microsoft Visual Studio Solution File, Format Version 11.00
# Visual Studio 2010
Project("{FAE04EC0-301F-11D3-BF4B-00C04F79EFBC}") = "baitaplon", "baitaplon\baitaplon.csproj", "{BA9100D9-81FA-4F89-BB6C-BCEE9D482AC2}"
EndProject
Global
	GlobalSection(SolutionConfigurationPlatforms) = preSolution
		Debug|x86 = Debug|x86
		Release|x86 = Release|x86
	EndGlobalSection
	GlobalSection(ProjectConfigurationPlatforms) = postSolution
		{BA9100D9-81FA-4F89-BB6C-BCEE9D482AC2}.Debug|x86.ActiveCfg = Debug|x86
		{BA9100D9-81FA-4F89-BB6C-BCEE9D482AC2}.Debug|x86.Build.0 = Debug|x86
		{BA9100D9-81FA-4F89-BB6C-BCEE9D482AC2}.Release|x86.ActiveCfg = Release|x86
		{BA9100D9-81FA-4F89-BB6C-BCEE9D482AC2}.Release|x86.Build.0 = Release|x86
	EndGlobalSection
	GlobalSection(SolutionProperties) = preSolution
		HideSolutionNode = FALSE
	EndGlobalSection
EndGlobal
